{
  "name": "welcome-canvas",
  "version": "1.1.3",
  "lockfileVersion": 3,
  "requires": true,
  "packages": {
    "": {
      "name": "welcome-canvas",
      "version": "1.1.3",
      "license": "MIT",
      "dependencies": {
        "@napi-rs/canvas": "^0.1.44"
      },
      "devDependencies": {
        "@types/node": "^20.8.10"
      }
    },
    "node_modules/@napi-rs/canvas": {
      "version": "0.1.44",
      "resolved": "https://registry.npmjs.org/@napi-rs/canvas/-/canvas-0.1.44.tgz",
      "integrity": "sha512-IyhSndjw29LR1WqkUZvTJI4j8Ve1QGbZYtpdQjJjcFvsvJS4/WHzOWV8ZciLPJBhrYvSQf/JbZJy5LHmFV+plg==",
      "engines": {
        "node": ">= 10"
      },
      "optionalDependencies": {
        "@napi-rs/canvas-android-arm64": "0.1.44",
        "@napi-rs/canvas-darwin-arm64": "0.1.44",
        "@napi-rs/canvas-darwin-x64": "0.1.44",
        "@napi-rs/canvas-linux-arm-gnueabihf": "0.1.44",
        "@napi-rs/canvas-linux-arm64-gnu": "0.1.44",
        "@napi-rs/canvas-linux-arm64-musl": "0.1.44",
        "@napi-rs/canvas-linux-x64-gnu": "0.1.44",
        "@napi-rs/canvas-linux-x64-musl": "0.1.44",
        "@napi-rs/canvas-win32-x64-msvc": "0.1.44"
      }
    },
    "node_modules/@napi-rs/canvas-win32-x64-msvc": {
      "version": "0.1.44",
      "resolved": "https://registry.npmjs.org/@napi-rs/canvas-win32-x64-msvc/-/canvas-win32-x64-msvc-0.1.44.tgz",
      "integrity": "sha512-pbeTGLox+I+sMVl/FFO21Xvp0PhijsuEr9gaynmN2X7FPTg+CCuuBDhfSU5iMAtcCCYFCk8ridZIWy5jkcf72w==",
      "cpu": [
        "x64"
      ],
      "optional": true,
      "os": [
        "win32"
      ],
      "engines": {
        "node": ">= 10"
      }
    },
    "node_modules/@types/node": {
      "version": "20.8.10",
      "resolved": "https://registry.npmjs.org/@types/node/-/node-20.8.10.tgz",
      "integrity": "sha512-TlgT8JntpcbmKUFzjhsyhGfP2fsiz1Mv56im6enJ905xG1DAYesxJaeSbGqQmAw8OWPdhyJGhGSQGKRNJ45u9w==",
      "dev": true,
      "dependencies": {
        "undici-types": "~5.26.4"
      }
    },
    "node_modules/undici-types": {
      "version": "5.26.5",
      "resolved": "https://registry.npmjs.org/undici-types/-/undici-types-5.26.5.tgz",
      "integrity": "sha512-JlCMO+ehdEIKqlFxk6IfVoAUVmgz7cU7zD/h9XZ0qzeosSHmUJVOzSQvvYSYWXkFXC+IfLKSIffhv0sVZup6pA==",
      "dev": true
    }
  }
}
